
Microsoft Visual Studio Solution File, Format Version 12.00
# Visual Studio Version 17
VisualStudioVersion = 17.2.32630.192
MinimumVisualStudioVersion = 10.0.40219.1
Project("{FAE04EC0-301F-11D3-BF4B-00C04F79EFBC}") = "SingletoneDesign", "SingletoneDesign\SingletoneDesign.csproj", "{43536F53-D960-4089-9C7A-A31867EE1C18}"
EndProject
Global
	GlobalSection(SolutionConfigurationPlatforms) = preSolution
		Debug|Any CPU = Debug|Any CPU
		Release|Any CPU = Release|Any CPU
	EndGlobalSection
	GlobalSection(ProjectConfigurationPlatforms) = postSolution
		{43536F53-D960-4089-9C7A-A31867EE1C18}.Debug|Any CPU.ActiveCfg = Debug|Any CPU
		{43536F53-D960-4089-9C7A-A31867EE1C18}.Debug|Any CPU.Build.0 = Debug|Any CPU
		{43536F53-D960-4089-9C7A-A31867EE1C18}.Release|Any CPU.ActiveCfg = Release|Any CPU
		{43536F53-D960-4089-9C7A-A31867EE1C18}.Release|Any CPU.Build.0 = Release|Any CPU
	EndGlobalSection
	GlobalSection(SolutionProperties) = preSolution
		HideSolutionNode = FALSE
	EndGlobalSection
	GlobalSection(ExtensibilityGlobals) = postSolution
		SolutionGuid = {05CC68BD-E8B7-4011-B1C3-0A24BBFA0826}
	EndGlobalSection
EndGlobal
